
Microsoft Visual Studio Solution File, Format Version 12.00
# Visual Studio 15
VisualStudioVersion = 15.0.26014.0
MinimumVisualStudioVersion = 10.0.40219.1
Project("{9A19103F-16F7-4668-BE54-9A1E7A4F7556}") = "CFT.NanoFabric.Core", "src\CFT.NanoFabric.Core\CFT.NanoFabric.Core.csproj", "{15A40438-0751-4F6F-8FD1-6C84DDB3820D}"
EndProject
Project("{9A19103F-16F7-4668-BE54-9A1E7A4F7556}") = "CFT.NanoFabric.RegistryHost.ConsulRegistry", "src\CFT.NanoFabric.RegistryHost.ConsulRegistry\CFT.NanoFabric.RegistryHost.ConsulRegistry.csproj", "{54ACC2E1-927C-4255-833A-C325ED63CFDB}"
EndProject
Project("{9A19103F-16F7-4668-BE54-9A1E7A4F7556}") = "CFT.NanoFabric.AspNetCore", "src\CFT.NanoFabric.AspNetCore\CFT.NanoFabric.AspNetCore.csproj", "{C9197F17-FE4A-4D19-B565-8235680F8831}"
EndProject
Project("{2150E333-8FDC-42A3-9474-1A3956D46DE8}") = "Test", "Test", "{45A95389-8368-49B3-A252-53E60A655D95}"
EndProject
Project("{FAE04EC0-301F-11D3-BF4B-00C04F79EFBC}") = "CFT.NanoFabric.AspNetCore.Tests", "test\CFT.NanoFabric.AspNetCore.Tests\CFT.NanoFabric.AspNetCore.Tests.csproj", "{DB3D459C-5882-4A90-B5B5-342990F160CA}"
EndProject
Project("{9A19103F-16F7-4668-BE54-9A1E7A4F7556}") = "CFT.NanoFabric.RegistryHost.ConsulRegistry.Tests", "test\CFT.NanoFabric.RegistryHost.ConsulRegistry.Test\CFT.NanoFabric.RegistryHost.ConsulRegistry.Tests.csproj", "{34877D5E-7F0E-4FB0-82E2-1063AF8510A1}"
EndProject
Project("{2150E333-8FDC-42A3-9474-1A3956D46DE8}") = "Sample", "Sample", "{B65FAC1E-DA36-42F2-95F9-8F10E5CEBA47}"
EndProject
Project("{FAE04EC0-301F-11D3-BF4B-00C04F79EFBC}") = "SampleService.Kestrel", "sample\SampleService.Kestrel\SampleService.Kestrel.csproj", "{78E00EB6-0C06-4F9C-84EB-1065414A22FF}"
EndProject
Project("{FAE04EC0-301F-11D3-BF4B-00C04F79EFBC}") = "CFT.NanoFabric.Router", "src\CFT.NanoFabric.Router\CFT.NanoFabric.Router.csproj", "{985F7626-E8C5-476F-9380-F063AF00B882}"
EndProject
Project("{FAE04EC0-301F-11D3-BF4B-00C04F79EFBC}") = "CFT.NanoFabric.Router.Tests", "test\CFT.NanoFabric.Router.Tests\CFT.NanoFabric.Router.Tests.csproj", "{FAB2F10F-3A5B-477E-81A4-29EB676F8EE8}"
EndProject
Project("{FAE04EC0-301F-11D3-BF4B-00C04F79EFBC}") = "SampleService.Client", "sample\SampleService.Client\SampleService.Client.csproj", "{C396A3B3-D781-49FB-845E-3BBBC1C5DB1A}"
EndProject
Project("{FAE04EC0-301F-11D3-BF4B-00C04F79EFBC}") = "CFT.NanoFabric.Ocelot", "src\CFT.NanoFabric.Ocelot\CFT.NanoFabric.Ocelot.csproj", "{74F16986-86A7-4AA1-B53A-6EA98AE38235}"
EndProject
Project("{FAE04EC0-301F-11D3-BF4B-00C04F79EFBC}") = "CFT.NanoFabric.IdentityServer", "src\CFT.NanoFabric.IdentityServer\CFT.NanoFabric.IdentityServer.csproj", "{8BA14514-BBFE-4C7E-82C2-42581219E63E}"
EndProject
Project("{FAE04EC0-301F-11D3-BF4B-00C04F79EFBC}") = "CFT.NanoFabric.Domain", "src\CFT.NanoFabric.Domain\CFT.NanoFabric.Domain.csproj", "{1072CAE9-5F7F-45F6-B616-32C0278342DC}"
EndProject
Project("{FAE04EC0-301F-11D3-BF4B-00C04F79EFBC}") = "SampleService.IdentityServer", "Sample\SampleService.IdentityServer\SampleService.IdentityServer.csproj", "{E2974632-2770-4E8C-BA04-72368AC760C9}"
EndProject
Global
	GlobalSection(SolutionConfigurationPlatforms) = preSolution
		Debug|Any CPU = Debug|Any CPU
		Debug|x64 = Debug|x64
		Debug|x86 = Debug|x86
		Release|Any CPU = Release|Any CPU
		Release|x64 = Release|x64
		Release|x86 = Release|x86
	EndGlobalSection
	GlobalSection(ProjectConfigurationPlatforms) = postSolution
		{15A40438-0751-4F6F-8FD1-6C84DDB3820D}.Debug|Any CPU.ActiveCfg = Debug|Any CPU
		{15A40438-0751-4F6F-8FD1-6C84DDB3820D}.Debug|Any CPU.Build.0 = Debug|Any CPU
		{15A40438-0751-4F6F-8FD1-6C84DDB3820D}.Debug|x64.ActiveCfg = Debug|x64
		{15A40438-0751-4F6F-8FD1-6C84DDB3820D}.Debug|x64.Build.0 = Debug|x64
		{15A40438-0751-4F6F-8FD1-6C84DDB3820D}.Debug|x86.ActiveCfg = Debug|x86
		{15A40438-0751-4F6F-8FD1-6C84DDB3820D}.Debug|x86.Build.0 = Debug|x86
		{15A40438-0751-4F6F-8FD1-6C84DDB3820D}.Release|Any CPU.ActiveCfg = Release|Any CPU
		{15A40438-0751-4F6F-8FD1-6C84DDB3820D}.Release|Any CPU.Build.0 = Release|Any CPU
		{15A40438-0751-4F6F-8FD1-6C84DDB3820D}.Release|x64.ActiveCfg = Release|x64
		{15A40438-0751-4F6F-8FD1-6C84DDB3820D}.Release|x64.Build.0 = Release|x64
		{15A40438-0751-4F6F-8FD1-6C84DDB3820D}.Release|x86.ActiveCfg = Release|x86
		{15A40438-0751-4F6F-8FD1-6C84DDB3820D}.Release|x86.Build.0 = Release|x86
		{54ACC2E1-927C-4255-833A-C325ED63CFDB}.Debug|Any CPU.ActiveCfg = Debug|Any CPU
		{54ACC2E1-927C-4255-833A-C325ED63CFDB}.Debug|Any CPU.Build.0 = Debug|Any CPU
		{54ACC2E1-927C-4255-833A-C325ED63CFDB}.Debug|x64.ActiveCfg = Debug|x64
		{54ACC2E1-927C-4255-833A-C325ED63CFDB}.Debug|x64.Build.0 = Debug|x64
		{54ACC2E1-927C-4255-833A-C325ED63CFDB}.Debug|x86.ActiveCfg = Debug|x86
		{54ACC2E1-927C-4255-833A-C325ED63CFDB}.Debug|x86.Build.0 = Debug|x86
		{54ACC2E1-927C-4255-833A-C325ED63CFDB}.Release|Any CPU.ActiveCfg = Release|Any CPU
		{54ACC2E1-927C-4255-833A-C325ED63CFDB}.Release|Any CPU.Build.0 = Release|Any CPU
		{54ACC2E1-927C-4255-833A-C325ED63CFDB}.Release|x64.ActiveCfg = Release|x64
		{54ACC2E1-927C-4255-833A-C325ED63CFDB}.Release|x64.Build.0 = Release|x64
		{54ACC2E1-927C-4255-833A-C325ED63CFDB}.Release|x86.ActiveCfg = Release|x86
		{54ACC2E1-927C-4255-833A-C325ED63CFDB}.Release|x86.Build.0 = Release|x86
		{C9197F17-FE4A-4D19-B565-8235680F8831}.Debug|Any CPU.ActiveCfg = Debug|Any CPU
		{C9197F17-FE4A-4D19-B565-8235680F8831}.Debug|Any CPU.Build.0 = Debug|Any CPU
		{C9197F17-FE4A-4D19-B565-8235680F8831}.Debug|x64.ActiveCfg = Debug|x64
		{C9197F17-FE4A-4D19-B565-8235680F8831}.Debug|x64.Build.0 = Debug|x64
		{C9197F17-FE4A-4D19-B565-8235680F8831}.Debug|x86.ActiveCfg = Debug|x86
		{C9197F17-FE4A-4D19-B565-8235680F8831}.Debug|x86.Build.0 = Debug|x86
		{C9197F17-FE4A-4D19-B565-8235680F8831}.Release|Any CPU.ActiveCfg = Release|Any CPU
		{C9197F17-FE4A-4D19-B565-8235680F8831}.Release|Any CPU.Build.0 = Release|Any CPU
		{C9197F17-FE4A-4D19-B565-8235680F8831}.Release|x64.ActiveCfg = Release|x64
		{C9197F17-FE4A-4D19-B565-8235680F8831}.Release|x64.Build.0 = Release|x64
		{C9197F17-FE4A-4D19-B565-8235680F8831}.Release|x86.ActiveCfg = Release|x86
		{C9197F17-FE4A-4D19-B565-8235680F8831}.Release|x86.Build.0 = Release|x86
		{DB3D459C-5882-4A90-B5B5-342990F160CA}.Debug|Any CPU.ActiveCfg = Debug|Any CPU
		{DB3D459C-5882-4A90-B5B5-342990F160CA}.Debug|Any CPU.Build.0 = Debug|Any CPU
		{DB3D459C-5882-4A90-B5B5-342990F160CA}.Debug|x64.ActiveCfg = Debug|x64
		{DB3D459C-5882-4A90-B5B5-342990F160CA}.Debug|x64.Build.0 = Debug|x64
		{DB3D459C-5882-4A90-B5B5-342990F160CA}.Debug|x86.ActiveCfg = Debug|x86
		{DB3D459C-5882-4A90-B5B5-342990F160CA}.Debug|x86.Build.0 = Debug|x86
		{DB3D459C-5882-4A90-B5B5-342990F160CA}.Release|Any CPU.ActiveCfg = Release|Any CPU
		{DB3D459C-5882-4A90-B5B5-342990F160CA}.Release|Any CPU.Build.0 = Release|Any CPU
		{DB3D459C-5882-4A90-B5B5-342990F160CA}.Release|x64.ActiveCfg = Release|x64
		{DB3D459C-5882-4A90-B5B5-342990F160CA}.Release|x64.Build.0 = Release|x64
		{DB3D459C-5882-4A90-B5B5-342990F160CA}.Release|x86.ActiveCfg = Release|x86
		{DB3D459C-5882-4A90-B5B5-342990F160CA}.Release|x86.Build.0 = Release|x86
		{34877D5E-7F0E-4FB0-82E2-1063AF8510A1}.Debug|Any CPU.ActiveCfg = Debug|Any CPU
		{34877D5E-7F0E-4FB0-82E2-1063AF8510A1}.Debug|Any CPU.Build.0 = Debug|Any CPU
		{34877D5E-7F0E-4FB0-82E2-1063AF8510A1}.Debug|x64.ActiveCfg = Debug|x64
		{34877D5E-7F0E-4FB0-82E2-1063AF8510A1}.Debug|x64.Build.0 = Debug|x64
		{34877D5E-7F0E-4FB0-82E2-1063AF8510A1}.Debug|x86.ActiveCfg = Debug|x86
		{34877D5E-7F0E-4FB0-82E2-1063AF8510A1}.Debug|x86.Build.0 = Debug|x86
		{34877D5E-7F0E-4FB0-82E2-1063AF8510A1}.Release|Any CPU.ActiveCfg = Release|Any CPU
		{34877D5E-7F0E-4FB0-82E2-1063AF8510A1}.Release|Any CPU.Build.0 = Release|Any CPU
		{34877D5E-7F0E-4FB0-82E2-1063AF8510A1}.Release|x64.ActiveCfg = Release|x64
		{34877D5E-7F0E-4FB0-82E2-1063AF8510A1}.Release|x64.Build.0 = Release|x64
		{34877D5E-7F0E-4FB0-82E2-1063AF8510A1}.Release|x86.ActiveCfg = Release|x86
		{34877D5E-7F0E-4FB0-82E2-1063AF8510A1}.Release|x86.Build.0 = Release|x86
		{78E00EB6-0C06-4F9C-84EB-1065414A22FF}.Debug|Any CPU.ActiveCfg = Debug|Any CPU
		{78E00EB6-0C06-4F9C-84EB-1065414A22FF}.Debug|Any CPU.Build.0 = Debug|Any CPU
		{78E00EB6-0C06-4F9C-84EB-1065414A22FF}.Debug|x64.ActiveCfg = Debug|x64
		{78E00EB6-0C06-4F9C-84EB-1065414A22FF}.Debug|x64.Build.0 = Debug|x64
		{78E00EB6-0C06-4F9C-84EB-1065414A22FF}.Debug|x86.ActiveCfg = Debug|x86
		{78E00EB6-0C06-4F9C-84EB-1065414A22FF}.Debug|x86.Build.0 = Debug|x86
		{78E00EB6-0C06-4F9C-84EB-1065414A22FF}.Release|Any CPU.ActiveCfg = Release|Any CPU
		{78E00EB6-0C06-4F9C-84EB-1065414A22FF}.Release|Any CPU.Build.0 = Release|Any CPU
		{78E00EB6-0C06-4F9C-84EB-1065414A22FF}.Release|x64.ActiveCfg = Release|x64
		{78E00EB6-0C06-4F9C-84EB-1065414A22FF}.Release|x64.Build.0 = Release|x64
		{78E00EB6-0C06-4F9C-84EB-1065414A22FF}.Release|x86.ActiveCfg = Release|x86
		{78E00EB6-0C06-4F9C-84EB-1065414A22FF}.Release|x86.Build.0 = Release|x86
		{985F7626-E8C5-476F-9380-F063AF00B882}.Debug|Any CPU.ActiveCfg = Debug|Any CPU
		{985F7626-E8C5-476F-9380-F063AF00B882}.Debug|Any CPU.Build.0 = Debug|Any CPU
		{985F7626-E8C5-476F-9380-F063AF00B882}.Debug|x64.ActiveCfg = Debug|x64
		{985F7626-E8C5-476F-9380-F063AF00B882}.Debug|x64.Build.0 = Debug|x64
		{985F7626-E8C5-476F-9380-F063AF00B882}.Debug|x86.ActiveCfg = Debug|x86
		{985F7626-E8C5-476F-9380-F063AF00B882}.Debug|x86.Build.0 = Debug|x86
		{985F7626-E8C5-476F-9380-F063AF00B882}.Release|Any CPU.ActiveCfg = Release|Any CPU
		{985F7626-E8C5-476F-9380-F063AF00B882}.Release|Any CPU.Build.0 = Release|Any CPU
		{985F7626-E8C5-476F-9380-F063AF00B882}.Release|x64.ActiveCfg = Release|x64
		{985F7626-E8C5-476F-9380-F063AF00B882}.Release|x64.Build.0 = Release|x64
		{985F7626-E8C5-476F-9380-F063AF00B882}.Release|x86.ActiveCfg = Release|x86
		{985F7626-E8C5-476F-9380-F063AF00B882}.Release|x86.Build.0 = Release|x86
		{FAB2F10F-3A5B-477E-81A4-29EB676F8EE8}.Debug|Any CPU.ActiveCfg = Debug|Any CPU
		{FAB2F10F-3A5B-477E-81A4-29EB676F8EE8}.Debug|Any CPU.Build.0 = Debug|Any CPU
		{FAB2F10F-3A5B-477E-81A4-29EB676F8EE8}.Debug|x64.ActiveCfg = Debug|x64
		{FAB2F10F-3A5B-477E-81A4-29EB676F8EE8}.Debug|x64.Build.0 = Debug|x64
		{FAB2F10F-3A5B-477E-81A4-29EB676F8EE8}.Debug|x86.ActiveCfg = Debug|x86
		{FAB2F10F-3A5B-477E-81A4-29EB676F8EE8}.Debug|x86.Build.0 = Debug|x86
		{FAB2F10F-3A5B-477E-81A4-29EB676F8EE8}.Release|Any CPU.ActiveCfg = Release|Any CPU
		{FAB2F10F-3A5B-477E-81A4-29EB676F8EE8}.Release|Any CPU.Build.0 = Release|Any CPU
		{FAB2F10F-3A5B-477E-81A4-29EB676F8EE8}.Release|x64.ActiveCfg = Release|x64
		{FAB2F10F-3A5B-477E-81A4-29EB676F8EE8}.Release|x64.Build.0 = Release|x64
		{FAB2F10F-3A5B-477E-81A4-29EB676F8EE8}.Release|x86.ActiveCfg = Release|x86
		{FAB2F10F-3A5B-477E-81A4-29EB676F8EE8}.Release|x86.Build.0 = Release|x86
		{C396A3B3-D781-49FB-845E-3BBBC1C5DB1A}.Debug|Any CPU.ActiveCfg = Debug|Any CPU
		{C396A3B3-D781-49FB-845E-3BBBC1C5DB1A}.Debug|Any CPU.Build.0 = Debug|Any CPU
		{C396A3B3-D781-49FB-845E-3BBBC1C5DB1A}.Debug|x64.ActiveCfg = Debug|x64
		{C396A3B3-D781-49FB-845E-3BBBC1C5DB1A}.Debug|x64.Build.0 = Debug|x64
		{C396A3B3-D781-49FB-845E-3BBBC1C5DB1A}.Debug|x86.ActiveCfg = Debug|x86
		{C396A3B3-D781-49FB-845E-3BBBC1C5DB1A}.Debug|x86.Build.0 = Debug|x86
		{C396A3B3-D781-49FB-845E-3BBBC1C5DB1A}.Release|Any CPU.ActiveCfg = Release|Any CPU
		{C396A3B3-D781-49FB-845E-3BBBC1C5DB1A}.Release|Any CPU.Build.0 = Release|Any CPU
		{C396A3B3-D781-49FB-845E-3BBBC1C5DB1A}.Release|x64.ActiveCfg = Release|x64
		{C396A3B3-D781-49FB-845E-3BBBC1C5DB1A}.Release|x64.Build.0 = Release|x64
		{C396A3B3-D781-49FB-845E-3BBBC1C5DB1A}.Release|x86.ActiveCfg = Release|x86
		{C396A3B3-D781-49FB-845E-3BBBC1C5DB1A}.Release|x86.Build.0 = Release|x86
		{74F16986-86A7-4AA1-B53A-6EA98AE38235}.Debug|Any CPU.ActiveCfg = Debug|Any CPU
		{74F16986-86A7-4AA1-B53A-6EA98AE38235}.Debug|Any CPU.Build.0 = Debug|Any CPU
		{74F16986-86A7-4AA1-B53A-6EA98AE38235}.Debug|x64.ActiveCfg = Debug|x64
		{74F16986-86A7-4AA1-B53A-6EA98AE38235}.Debug|x64.Build.0 = Debug|x64
		{74F16986-86A7-4AA1-B53A-6EA98AE38235}.Debug|x86.ActiveCfg = Debug|x86
		{74F16986-86A7-4AA1-B53A-6EA98AE38235}.Debug|x86.Build.0 = Debug|x86
		{74F16986-86A7-4AA1-B53A-6EA98AE38235}.Release|Any CPU.ActiveCfg = Release|Any CPU
		{74F16986-86A7-4AA1-B53A-6EA98AE38235}.Release|Any CPU.Build.0 = Release|Any CPU
		{74F16986-86A7-4AA1-B53A-6EA98AE38235}.Release|x64.ActiveCfg = Release|x64
		{74F16986-86A7-4AA1-B53A-6EA98AE38235}.Release|x64.Build.0 = Release|x64
		{74F16986-86A7-4AA1-B53A-6EA98AE38235}.Release|x86.ActiveCfg = Release|x86
		{74F16986-86A7-4AA1-B53A-6EA98AE38235}.Release|x86.Build.0 = Release|x86
		{8BA14514-BBFE-4C7E-82C2-42581219E63E}.Debug|Any CPU.ActiveCfg = Debug|Any CPU
		{8BA14514-BBFE-4C7E-82C2-42581219E63E}.Debug|Any CPU.Build.0 = Debug|Any CPU
		{8BA14514-BBFE-4C7E-82C2-42581219E63E}.Debug|x64.ActiveCfg = Debug|x64
		{8BA14514-BBFE-4C7E-82C2-42581219E63E}.Debug|x64.Build.0 = Debug|x64
		{8BA14514-BBFE-4C7E-82C2-42581219E63E}.Debug|x86.ActiveCfg = Debug|x86
		{8BA14514-BBFE-4C7E-82C2-42581219E63E}.Debug|x86.Build.0 = Debug|x86
		{8BA14514-BBFE-4C7E-82C2-42581219E63E}.Release|Any CPU.ActiveCfg = Release|Any CPU
		{8BA14514-BBFE-4C7E-82C2-42581219E63E}.Release|Any CPU.Build.0 = Release|Any CPU
		{8BA14514-BBFE-4C7E-82C2-42581219E63E}.Release|x64.ActiveCfg = Release|x64
		{8BA14514-BBFE-4C7E-82C2-42581219E63E}.Release|x64.Build.0 = Release|x64
		{8BA14514-BBFE-4C7E-82C2-42581219E63E}.Release|x86.ActiveCfg = Release|x86
		{8BA14514-BBFE-4C7E-82C2-42581219E63E}.Release|x86.Build.0 = Release|x86
		{1072CAE9-5F7F-45F6-B616-32C0278342DC}.Debug|Any CPU.ActiveCfg = Debug|Any CPU
		{1072CAE9-5F7F-45F6-B616-32C0278342DC}.Debug|Any CPU.Build.0 = Debug|Any CPU
		{1072CAE9-5F7F-45F6-B616-32C0278342DC}.Debug|x64.ActiveCfg = Debug|x64
		{1072CAE9-5F7F-45F6-B616-32C0278342DC}.Debug|x64.Build.0 = Debug|x64
		{1072CAE9-5F7F-45F6-B616-32C0278342DC}.Debug|x86.ActiveCfg = Debug|x86
		{1072CAE9-5F7F-45F6-B616-32C0278342DC}.Debug|x86.Build.0 = Debug|x86
		{1072CAE9-5F7F-45F6-B616-32C0278342DC}.Release|Any CPU.ActiveCfg = Release|Any CPU
		{1072CAE9-5F7F-45F6-B616-32C0278342DC}.Release|Any CPU.Build.0 = Release|Any CPU
		{1072CAE9-5F7F-45F6-B616-32C0278342DC}.Release|x64.ActiveCfg = Release|x64
		{1072CAE9-5F7F-45F6-B616-32C0278342DC}.Release|x64.Build.0 = Release|x64
		{1072CAE9-5F7F-45F6-B616-32C0278342DC}.Release|x86.ActiveCfg = Release|x86
		{1072CAE9-5F7F-45F6-B616-32C0278342DC}.Release|x86.Build.0 = Release|x86
		{E2974632-2770-4E8C-BA04-72368AC760C9}.Debug|Any CPU.ActiveCfg = Debug|Any CPU
		{E2974632-2770-4E8C-BA04-72368AC760C9}.Debug|Any CPU.Build.0 = Debug|Any CPU
		{E2974632-2770-4E8C-BA04-72368AC760C9}.Debug|x64.ActiveCfg = Debug|x64
		{E2974632-2770-4E8C-BA04-72368AC760C9}.Debug|x64.Build.0 = Debug|x64
		{E2974632-2770-4E8C-BA04-72368AC760C9}.Debug|x86.ActiveCfg = Debug|x86
		{E2974632-2770-4E8C-BA04-72368AC760C9}.Debug|x86.Build.0 = Debug|x86
		{E2974632-2770-4E8C-BA04-72368AC760C9}.Release|Any CPU.ActiveCfg = Release|Any CPU
		{E2974632-2770-4E8C-BA04-72368AC760C9}.Release|Any CPU.Build.0 = Release|Any CPU
		{E2974632-2770-4E8C-BA04-72368AC760C9}.Release|x64.ActiveCfg = Release|x64
		{E2974632-2770-4E8C-BA04-72368AC760C9}.Release|x64.Build.0 = Release|x64
		{E2974632-2770-4E8C-BA04-72368AC760C9}.Release|x86.ActiveCfg = Release|x86
		{E2974632-2770-4E8C-BA04-72368AC760C9}.Release|x86.Build.0 = Release|x86
	EndGlobalSection
	GlobalSection(SolutionProperties) = preSolution
		HideSolutionNode = FALSE
	EndGlobalSection
	GlobalSection(NestedProjects) = preSolution
		{DB3D459C-5882-4A90-B5B5-342990F160CA} = {45A95389-8368-49B3-A252-53E60A655D95}
		{34877D5E-7F0E-4FB0-82E2-1063AF8510A1} = {45A95389-8368-49B3-A252-53E60A655D95}
		{78E00EB6-0C06-4F9C-84EB-1065414A22FF} = {B65FAC1E-DA36-42F2-95F9-8F10E5CEBA47}
		{FAB2F10F-3A5B-477E-81A4-29EB676F8EE8} = {45A95389-8368-49B3-A252-53E60A655D95}
		{C396A3B3-D781-49FB-845E-3BBBC1C5DB1A} = {B65FAC1E-DA36-42F2-95F9-8F10E5CEBA47}
		{E2974632-2770-4E8C-BA04-72368AC760C9} = {B65FAC1E-DA36-42F2-95F9-8F10E5CEBA47}
	EndGlobalSection
EndGlobal
