
Microsoft Visual Studio Solution File, Format Version 12.00
# Visual Studio 15
VisualStudioVersion = 15.0.27130.2027
MinimumVisualStudioVersion = 10.0.40219.1
Project("{2150E333-8FDC-42A3-9474-1A3956D46DE8}") = "Test", "Test", "{45A95389-8368-49B3-A252-53E60A655D95}"
EndProject
Project("{2150E333-8FDC-42A3-9474-1A3956D46DE8}") = "Sample", "Sample", "{B65FAC1E-DA36-42F2-95F9-8F10E5CEBA47}"
EndProject
Project("{9A19103F-16F7-4668-BE54-9A1E7A4F7556}") = "SampleService.Kestrel", "sample\SampleService.Kestrel\SampleService.Kestrel.csproj", "{78E00EB6-0C06-4F9C-84EB-1065414A22FF}"
EndProject
Project("{9A19103F-16F7-4668-BE54-9A1E7A4F7556}") = "SampleService.Client", "sample\SampleService.Client\SampleService.Client.csproj", "{C396A3B3-D781-49FB-845E-3BBBC1C5DB1A}"
EndProject
Project("{9A19103F-16F7-4668-BE54-9A1E7A4F7556}") = "SampleService.IdentityServer", "Sample\SampleService.IdentityServer\SampleService.IdentityServer.csproj", "{E2974632-2770-4E8C-BA04-72368AC760C9}"
EndProject
Project("{2150E333-8FDC-42A3-9474-1A3956D46DE8}") = "Content", "Content", "{C20230F6-0006-4A51-84D9-838C3EDD663A}"
	ProjectSection(SolutionItems) = preProject
		README.md = README.md
	EndProjectSection
EndProject
Project("{9A19103F-16F7-4668-BE54-9A1E7A4F7556}") = "SampleService.MvcClient", "sample\SampleService.MvcClient\SampleService.MvcClient.csproj", "{457032D7-7127-4846-B25C-881394EC26DB}"
EndProject
Project("{9A19103F-16F7-4668-BE54-9A1E7A4F7556}") = "NanoFabric.Core", "src\NanoFabric.Core\NanoFabric.Core.csproj", "{044E5B75-74E4-425D-858A-D26901B71EBD}"
EndProject
Project("{9A19103F-16F7-4668-BE54-9A1E7A4F7556}") = "NanoFabric.RegistryHost.ConsulRegistry", "src\NanoFabric.RegistryHost.ConsulRegistry\NanoFabric.RegistryHost.ConsulRegistry.csproj", "{371F02CA-2208-4691-9681-9BB6790BC7E5}"
EndProject
Project("{9A19103F-16F7-4668-BE54-9A1E7A4F7556}") = "NanoFabric.Domain", "src\NanoFabric.Domain\NanoFabric.Domain.csproj", "{37DA1BB9-F9B1-4EC4-8879-F64329036B43}"
EndProject
Project("{9A19103F-16F7-4668-BE54-9A1E7A4F7556}") = "NanoFabric.AspNetCore", "src\NanoFabric.AspNetCore\NanoFabric.AspNetCore.csproj", "{E6234625-A80D-4751-B0AA-34C339DE4C15}"
EndProject
Project("{9A19103F-16F7-4668-BE54-9A1E7A4F7556}") = "NanoFabric.Router", "src\NanoFabric.Router\NanoFabric.Router.csproj", "{D1117632-AC74-422E-B00D-9EE64F7B09AE}"
EndProject
Project("{9A19103F-16F7-4668-BE54-9A1E7A4F7556}") = "NanoFabric.Ocelot", "src\NanoFabric.Ocelot\NanoFabric.Ocelot.csproj", "{E3CF179C-F2D8-4ECF-8341-8D36D3FE8AD4}"
EndProject
Project("{9A19103F-16F7-4668-BE54-9A1E7A4F7556}") = "NanoFabric.IdentityServer", "src\NanoFabric.IdentityServer\NanoFabric.IdentityServer.csproj", "{FEB8B256-3815-435E-AF75-EC503F12ED2D}"
EndProject
Project("{9A19103F-16F7-4668-BE54-9A1E7A4F7556}") = "NanoFabric.AspNetCore.Tests", "test\NanoFabric.AspNetCore.Tests\NanoFabric.AspNetCore.Tests.csproj", "{0F8D1886-5CF3-49FC-8E95-C9B13EEEBE37}"
EndProject
Project("{9A19103F-16F7-4668-BE54-9A1E7A4F7556}") = "NanoFabric.RegistryHost.ConsulRegistry.Tests", "test\NanoFabric.RegistryHost.ConsulRegistry.Test\NanoFabric.RegistryHost.ConsulRegistry.Tests.csproj", "{09CC2152-4532-40F9-AD54-F97EEBB775D8}"
EndProject
Project("{9A19103F-16F7-4668-BE54-9A1E7A4F7556}") = "NanoFabric.Router.Tests", "test\NanoFabric.Router.Tests\NanoFabric.Router.Tests.csproj", "{7AEA7270-5343-4569-A88F-4E59902909F9}"
EndProject
Project("{9A19103F-16F7-4668-BE54-9A1E7A4F7556}") = "NanoFabric.Swagger", "src\NanoFabric.Swagger\NanoFabric.Swagger.csproj", "{73B530F9-17FA-4D4A-9934-DBC6351DA572}"
EndProject
Project("{9A19103F-16F7-4668-BE54-9A1E7A4F7556}") = "NanoFabric.Autofac", "src\NanoFabric.Autofac\NanoFabric.Autofac.csproj", "{E9BCB8CA-7008-4988-959D-F18B14C81B70}"
EndProject
Project("{9A19103F-16F7-4668-BE54-9A1E7A4F7556}") = "NanoFabric.Mediatr", "src\NanoFabric.Mediatr\NanoFabric.Mediatr.csproj", "{10E02D8F-EC84-4785-95CC-0960C6CF5C9B}"
EndProject
Project("{FAE04EC0-301F-11D3-BF4B-00C04F79EFBC}") = "NanoFabric.Grpc", "src\NanoFabric.Grpc\NanoFabric.Grpc.csproj", "{E89ED654-087E-4667-A56F-86D9EA23E26D}"
EndProject
Global
	GlobalSection(SolutionConfigurationPlatforms) = preSolution
		Debug|Any CPU = Debug|Any CPU
		Debug|x64 = Debug|x64
		Debug|x86 = Debug|x86
		Release|Any CPU = Release|Any CPU
		Release|x64 = Release|x64
		Release|x86 = Release|x86
	EndGlobalSection
	GlobalSection(ProjectConfigurationPlatforms) = postSolution
		{78E00EB6-0C06-4F9C-84EB-1065414A22FF}.Debug|Any CPU.ActiveCfg = Debug|Any CPU
		{78E00EB6-0C06-4F9C-84EB-1065414A22FF}.Debug|Any CPU.Build.0 = Debug|Any CPU
		{78E00EB6-0C06-4F9C-84EB-1065414A22FF}.Debug|x64.ActiveCfg = Debug|Any CPU
		{78E00EB6-0C06-4F9C-84EB-1065414A22FF}.Debug|x64.Build.0 = Debug|Any CPU
		{78E00EB6-0C06-4F9C-84EB-1065414A22FF}.Debug|x86.ActiveCfg = Debug|Any CPU
		{78E00EB6-0C06-4F9C-84EB-1065414A22FF}.Debug|x86.Build.0 = Debug|Any CPU
		{78E00EB6-0C06-4F9C-84EB-1065414A22FF}.Release|Any CPU.ActiveCfg = Release|Any CPU
		{78E00EB6-0C06-4F9C-84EB-1065414A22FF}.Release|Any CPU.Build.0 = Release|Any CPU
		{78E00EB6-0C06-4F9C-84EB-1065414A22FF}.Release|x64.ActiveCfg = Release|Any CPU
		{78E00EB6-0C06-4F9C-84EB-1065414A22FF}.Release|x64.Build.0 = Release|Any CPU
		{78E00EB6-0C06-4F9C-84EB-1065414A22FF}.Release|x86.ActiveCfg = Release|Any CPU
		{78E00EB6-0C06-4F9C-84EB-1065414A22FF}.Release|x86.Build.0 = Release|Any CPU
		{C396A3B3-D781-49FB-845E-3BBBC1C5DB1A}.Debug|Any CPU.ActiveCfg = Debug|Any CPU
		{C396A3B3-D781-49FB-845E-3BBBC1C5DB1A}.Debug|Any CPU.Build.0 = Debug|Any CPU
		{C396A3B3-D781-49FB-845E-3BBBC1C5DB1A}.Debug|x64.ActiveCfg = Debug|Any CPU
		{C396A3B3-D781-49FB-845E-3BBBC1C5DB1A}.Debug|x64.Build.0 = Debug|Any CPU
		{C396A3B3-D781-49FB-845E-3BBBC1C5DB1A}.Debug|x86.ActiveCfg = Debug|Any CPU
		{C396A3B3-D781-49FB-845E-3BBBC1C5DB1A}.Debug|x86.Build.0 = Debug|Any CPU
		{C396A3B3-D781-49FB-845E-3BBBC1C5DB1A}.Release|Any CPU.ActiveCfg = Release|Any CPU
		{C396A3B3-D781-49FB-845E-3BBBC1C5DB1A}.Release|Any CPU.Build.0 = Release|Any CPU
		{C396A3B3-D781-49FB-845E-3BBBC1C5DB1A}.Release|x64.ActiveCfg = Release|Any CPU
		{C396A3B3-D781-49FB-845E-3BBBC1C5DB1A}.Release|x64.Build.0 = Release|Any CPU
		{C396A3B3-D781-49FB-845E-3BBBC1C5DB1A}.Release|x86.ActiveCfg = Release|Any CPU
		{C396A3B3-D781-49FB-845E-3BBBC1C5DB1A}.Release|x86.Build.0 = Release|Any CPU
		{E2974632-2770-4E8C-BA04-72368AC760C9}.Debug|Any CPU.ActiveCfg = Debug|Any CPU
		{E2974632-2770-4E8C-BA04-72368AC760C9}.Debug|Any CPU.Build.0 = Debug|Any CPU
		{E2974632-2770-4E8C-BA04-72368AC760C9}.Debug|x64.ActiveCfg = Debug|Any CPU
		{E2974632-2770-4E8C-BA04-72368AC760C9}.Debug|x64.Build.0 = Debug|Any CPU
		{E2974632-2770-4E8C-BA04-72368AC760C9}.Debug|x86.ActiveCfg = Debug|Any CPU
		{E2974632-2770-4E8C-BA04-72368AC760C9}.Debug|x86.Build.0 = Debug|Any CPU
		{E2974632-2770-4E8C-BA04-72368AC760C9}.Release|Any CPU.ActiveCfg = Release|Any CPU
		{E2974632-2770-4E8C-BA04-72368AC760C9}.Release|Any CPU.Build.0 = Release|Any CPU
		{E2974632-2770-4E8C-BA04-72368AC760C9}.Release|x64.ActiveCfg = Release|Any CPU
		{E2974632-2770-4E8C-BA04-72368AC760C9}.Release|x64.Build.0 = Release|Any CPU
		{E2974632-2770-4E8C-BA04-72368AC760C9}.Release|x86.ActiveCfg = Release|Any CPU
		{E2974632-2770-4E8C-BA04-72368AC760C9}.Release|x86.Build.0 = Release|Any CPU
		{457032D7-7127-4846-B25C-881394EC26DB}.Debug|Any CPU.ActiveCfg = Debug|Any CPU
		{457032D7-7127-4846-B25C-881394EC26DB}.Debug|Any CPU.Build.0 = Debug|Any CPU
		{457032D7-7127-4846-B25C-881394EC26DB}.Debug|x64.ActiveCfg = Debug|Any CPU
		{457032D7-7127-4846-B25C-881394EC26DB}.Debug|x64.Build.0 = Debug|Any CPU
		{457032D7-7127-4846-B25C-881394EC26DB}.Debug|x86.ActiveCfg = Debug|Any CPU
		{457032D7-7127-4846-B25C-881394EC26DB}.Debug|x86.Build.0 = Debug|Any CPU
		{457032D7-7127-4846-B25C-881394EC26DB}.Release|Any CPU.ActiveCfg = Release|Any CPU
		{457032D7-7127-4846-B25C-881394EC26DB}.Release|Any CPU.Build.0 = Release|Any CPU
		{457032D7-7127-4846-B25C-881394EC26DB}.Release|x64.ActiveCfg = Release|Any CPU
		{457032D7-7127-4846-B25C-881394EC26DB}.Release|x64.Build.0 = Release|Any CPU
		{457032D7-7127-4846-B25C-881394EC26DB}.Release|x86.ActiveCfg = Release|Any CPU
		{457032D7-7127-4846-B25C-881394EC26DB}.Release|x86.Build.0 = Release|Any CPU
		{044E5B75-74E4-425D-858A-D26901B71EBD}.Debug|Any CPU.ActiveCfg = Debug|Any CPU
		{044E5B75-74E4-425D-858A-D26901B71EBD}.Debug|Any CPU.Build.0 = Debug|Any CPU
		{044E5B75-74E4-425D-858A-D26901B71EBD}.Debug|x64.ActiveCfg = Debug|Any CPU
		{044E5B75-74E4-425D-858A-D26901B71EBD}.Debug|x64.Build.0 = Debug|Any CPU
		{044E5B75-74E4-425D-858A-D26901B71EBD}.Debug|x86.ActiveCfg = Debug|Any CPU
		{044E5B75-74E4-425D-858A-D26901B71EBD}.Debug|x86.Build.0 = Debug|Any CPU
		{044E5B75-74E4-425D-858A-D26901B71EBD}.Release|Any CPU.ActiveCfg = Release|Any CPU
		{044E5B75-74E4-425D-858A-D26901B71EBD}.Release|Any CPU.Build.0 = Release|Any CPU
		{044E5B75-74E4-425D-858A-D26901B71EBD}.Release|x64.ActiveCfg = Release|Any CPU
		{044E5B75-74E4-425D-858A-D26901B71EBD}.Release|x64.Build.0 = Release|Any CPU
		{044E5B75-74E4-425D-858A-D26901B71EBD}.Release|x86.ActiveCfg = Release|Any CPU
		{044E5B75-74E4-425D-858A-D26901B71EBD}.Release|x86.Build.0 = Release|Any CPU
		{371F02CA-2208-4691-9681-9BB6790BC7E5}.Debug|Any CPU.ActiveCfg = Debug|Any CPU
		{371F02CA-2208-4691-9681-9BB6790BC7E5}.Debug|Any CPU.Build.0 = Debug|Any CPU
		{371F02CA-2208-4691-9681-9BB6790BC7E5}.Debug|x64.ActiveCfg = Debug|Any CPU
		{371F02CA-2208-4691-9681-9BB6790BC7E5}.Debug|x64.Build.0 = Debug|Any CPU
		{371F02CA-2208-4691-9681-9BB6790BC7E5}.Debug|x86.ActiveCfg = Debug|Any CPU
		{371F02CA-2208-4691-9681-9BB6790BC7E5}.Debug|x86.Build.0 = Debug|Any CPU
		{371F02CA-2208-4691-9681-9BB6790BC7E5}.Release|Any CPU.ActiveCfg = Release|Any CPU
		{371F02CA-2208-4691-9681-9BB6790BC7E5}.Release|Any CPU.Build.0 = Release|Any CPU
		{371F02CA-2208-4691-9681-9BB6790BC7E5}.Release|x64.ActiveCfg = Release|Any CPU
		{371F02CA-2208-4691-9681-9BB6790BC7E5}.Release|x64.Build.0 = Release|Any CPU
		{371F02CA-2208-4691-9681-9BB6790BC7E5}.Release|x86.ActiveCfg = Release|Any CPU
		{371F02CA-2208-4691-9681-9BB6790BC7E5}.Release|x86.Build.0 = Release|Any CPU
		{37DA1BB9-F9B1-4EC4-8879-F64329036B43}.Debug|Any CPU.ActiveCfg = Debug|Any CPU
		{37DA1BB9-F9B1-4EC4-8879-F64329036B43}.Debug|Any CPU.Build.0 = Debug|Any CPU
		{37DA1BB9-F9B1-4EC4-8879-F64329036B43}.Debug|x64.ActiveCfg = Debug|Any CPU
		{37DA1BB9-F9B1-4EC4-8879-F64329036B43}.Debug|x64.Build.0 = Debug|Any CPU
		{37DA1BB9-F9B1-4EC4-8879-F64329036B43}.Debug|x86.ActiveCfg = Debug|Any CPU
		{37DA1BB9-F9B1-4EC4-8879-F64329036B43}.Debug|x86.Build.0 = Debug|Any CPU
		{37DA1BB9-F9B1-4EC4-8879-F64329036B43}.Release|Any CPU.ActiveCfg = Release|Any CPU
		{37DA1BB9-F9B1-4EC4-8879-F64329036B43}.Release|Any CPU.Build.0 = Release|Any CPU
		{37DA1BB9-F9B1-4EC4-8879-F64329036B43}.Release|x64.ActiveCfg = Release|Any CPU
		{37DA1BB9-F9B1-4EC4-8879-F64329036B43}.Release|x64.Build.0 = Release|Any CPU
		{37DA1BB9-F9B1-4EC4-8879-F64329036B43}.Release|x86.ActiveCfg = Release|Any CPU
		{37DA1BB9-F9B1-4EC4-8879-F64329036B43}.Release|x86.Build.0 = Release|Any CPU
		{E6234625-A80D-4751-B0AA-34C339DE4C15}.Debug|Any CPU.ActiveCfg = Debug|Any CPU
		{E6234625-A80D-4751-B0AA-34C339DE4C15}.Debug|Any CPU.Build.0 = Debug|Any CPU
		{E6234625-A80D-4751-B0AA-34C339DE4C15}.Debug|x64.ActiveCfg = Debug|Any CPU
		{E6234625-A80D-4751-B0AA-34C339DE4C15}.Debug|x64.Build.0 = Debug|Any CPU
		{E6234625-A80D-4751-B0AA-34C339DE4C15}.Debug|x86.ActiveCfg = Debug|Any CPU
		{E6234625-A80D-4751-B0AA-34C339DE4C15}.Debug|x86.Build.0 = Debug|Any CPU
		{E6234625-A80D-4751-B0AA-34C339DE4C15}.Release|Any CPU.ActiveCfg = Release|Any CPU
		{E6234625-A80D-4751-B0AA-34C339DE4C15}.Release|Any CPU.Build.0 = Release|Any CPU
		{E6234625-A80D-4751-B0AA-34C339DE4C15}.Release|x64.ActiveCfg = Release|Any CPU
		{E6234625-A80D-4751-B0AA-34C339DE4C15}.Release|x64.Build.0 = Release|Any CPU
		{E6234625-A80D-4751-B0AA-34C339DE4C15}.Release|x86.ActiveCfg = Release|Any CPU
		{E6234625-A80D-4751-B0AA-34C339DE4C15}.Release|x86.Build.0 = Release|Any CPU
		{D1117632-AC74-422E-B00D-9EE64F7B09AE}.Debug|Any CPU.ActiveCfg = Debug|Any CPU
		{D1117632-AC74-422E-B00D-9EE64F7B09AE}.Debug|Any CPU.Build.0 = Debug|Any CPU
		{D1117632-AC74-422E-B00D-9EE64F7B09AE}.Debug|x64.ActiveCfg = Debug|Any CPU
		{D1117632-AC74-422E-B00D-9EE64F7B09AE}.Debug|x64.Build.0 = Debug|Any CPU
		{D1117632-AC74-422E-B00D-9EE64F7B09AE}.Debug|x86.ActiveCfg = Debug|Any CPU
		{D1117632-AC74-422E-B00D-9EE64F7B09AE}.Debug|x86.Build.0 = Debug|Any CPU
		{D1117632-AC74-422E-B00D-9EE64F7B09AE}.Release|Any CPU.ActiveCfg = Release|Any CPU
		{D1117632-AC74-422E-B00D-9EE64F7B09AE}.Release|Any CPU.Build.0 = Release|Any CPU
		{D1117632-AC74-422E-B00D-9EE64F7B09AE}.Release|x64.ActiveCfg = Release|Any CPU
		{D1117632-AC74-422E-B00D-9EE64F7B09AE}.Release|x64.Build.0 = Release|Any CPU
		{D1117632-AC74-422E-B00D-9EE64F7B09AE}.Release|x86.ActiveCfg = Release|Any CPU
		{D1117632-AC74-422E-B00D-9EE64F7B09AE}.Release|x86.Build.0 = Release|Any CPU
		{E3CF179C-F2D8-4ECF-8341-8D36D3FE8AD4}.Debug|Any CPU.ActiveCfg = Debug|Any CPU
		{E3CF179C-F2D8-4ECF-8341-8D36D3FE8AD4}.Debug|Any CPU.Build.0 = Debug|Any CPU
		{E3CF179C-F2D8-4ECF-8341-8D36D3FE8AD4}.Debug|x64.ActiveCfg = Debug|Any CPU
		{E3CF179C-F2D8-4ECF-8341-8D36D3FE8AD4}.Debug|x64.Build.0 = Debug|Any CPU
		{E3CF179C-F2D8-4ECF-8341-8D36D3FE8AD4}.Debug|x86.ActiveCfg = Debug|Any CPU
		{E3CF179C-F2D8-4ECF-8341-8D36D3FE8AD4}.Debug|x86.Build.0 = Debug|Any CPU
		{E3CF179C-F2D8-4ECF-8341-8D36D3FE8AD4}.Release|Any CPU.ActiveCfg = Release|Any CPU
		{E3CF179C-F2D8-4ECF-8341-8D36D3FE8AD4}.Release|Any CPU.Build.0 = Release|Any CPU
		{E3CF179C-F2D8-4ECF-8341-8D36D3FE8AD4}.Release|x64.ActiveCfg = Release|Any CPU
		{E3CF179C-F2D8-4ECF-8341-8D36D3FE8AD4}.Release|x64.Build.0 = Release|Any CPU
		{E3CF179C-F2D8-4ECF-8341-8D36D3FE8AD4}.Release|x86.ActiveCfg = Release|Any CPU
		{E3CF179C-F2D8-4ECF-8341-8D36D3FE8AD4}.Release|x86.Build.0 = Release|Any CPU
		{FEB8B256-3815-435E-AF75-EC503F12ED2D}.Debug|Any CPU.ActiveCfg = Debug|Any CPU
		{FEB8B256-3815-435E-AF75-EC503F12ED2D}.Debug|Any CPU.Build.0 = Debug|Any CPU
		{FEB8B256-3815-435E-AF75-EC503F12ED2D}.Debug|x64.ActiveCfg = Debug|Any CPU
		{FEB8B256-3815-435E-AF75-EC503F12ED2D}.Debug|x64.Build.0 = Debug|Any CPU
		{FEB8B256-3815-435E-AF75-EC503F12ED2D}.Debug|x86.ActiveCfg = Debug|Any CPU
		{FEB8B256-3815-435E-AF75-EC503F12ED2D}.Debug|x86.Build.0 = Debug|Any CPU
		{FEB8B256-3815-435E-AF75-EC503F12ED2D}.Release|Any CPU.ActiveCfg = Release|Any CPU
		{FEB8B256-3815-435E-AF75-EC503F12ED2D}.Release|Any CPU.Build.0 = Release|Any CPU
		{FEB8B256-3815-435E-AF75-EC503F12ED2D}.Release|x64.ActiveCfg = Release|Any CPU
		{FEB8B256-3815-435E-AF75-EC503F12ED2D}.Release|x64.Build.0 = Release|Any CPU
		{FEB8B256-3815-435E-AF75-EC503F12ED2D}.Release|x86.ActiveCfg = Release|Any CPU
		{FEB8B256-3815-435E-AF75-EC503F12ED2D}.Release|x86.Build.0 = Release|Any CPU
		{0F8D1886-5CF3-49FC-8E95-C9B13EEEBE37}.Debug|Any CPU.ActiveCfg = Debug|Any CPU
		{0F8D1886-5CF3-49FC-8E95-C9B13EEEBE37}.Debug|Any CPU.Build.0 = Debug|Any CPU
		{0F8D1886-5CF3-49FC-8E95-C9B13EEEBE37}.Debug|x64.ActiveCfg = Debug|Any CPU
		{0F8D1886-5CF3-49FC-8E95-C9B13EEEBE37}.Debug|x64.Build.0 = Debug|Any CPU
		{0F8D1886-5CF3-49FC-8E95-C9B13EEEBE37}.Debug|x86.ActiveCfg = Debug|Any CPU
		{0F8D1886-5CF3-49FC-8E95-C9B13EEEBE37}.Debug|x86.Build.0 = Debug|Any CPU
		{0F8D1886-5CF3-49FC-8E95-C9B13EEEBE37}.Release|Any CPU.ActiveCfg = Release|Any CPU
		{0F8D1886-5CF3-49FC-8E95-C9B13EEEBE37}.Release|Any CPU.Build.0 = Release|Any CPU
		{0F8D1886-5CF3-49FC-8E95-C9B13EEEBE37}.Release|x64.ActiveCfg = Release|Any CPU
		{0F8D1886-5CF3-49FC-8E95-C9B13EEEBE37}.Release|x64.Build.0 = Release|Any CPU
		{0F8D1886-5CF3-49FC-8E95-C9B13EEEBE37}.Release|x86.ActiveCfg = Release|Any CPU
		{0F8D1886-5CF3-49FC-8E95-C9B13EEEBE37}.Release|x86.Build.0 = Release|Any CPU
		{09CC2152-4532-40F9-AD54-F97EEBB775D8}.Debug|Any CPU.ActiveCfg = Debug|Any CPU
		{09CC2152-4532-40F9-AD54-F97EEBB775D8}.Debug|Any CPU.Build.0 = Debug|Any CPU
		{09CC2152-4532-40F9-AD54-F97EEBB775D8}.Debug|x64.ActiveCfg = Debug|Any CPU
		{09CC2152-4532-40F9-AD54-F97EEBB775D8}.Debug|x64.Build.0 = Debug|Any CPU
		{09CC2152-4532-40F9-AD54-F97EEBB775D8}.Debug|x86.ActiveCfg = Debug|Any CPU
		{09CC2152-4532-40F9-AD54-F97EEBB775D8}.Debug|x86.Build.0 = Debug|Any CPU
		{09CC2152-4532-40F9-AD54-F97EEBB775D8}.Release|Any CPU.ActiveCfg = Release|Any CPU
		{09CC2152-4532-40F9-AD54-F97EEBB775D8}.Release|Any CPU.Build.0 = Release|Any CPU
		{09CC2152-4532-40F9-AD54-F97EEBB775D8}.Release|x64.ActiveCfg = Release|Any CPU
		{09CC2152-4532-40F9-AD54-F97EEBB775D8}.Release|x64.Build.0 = Release|Any CPU
		{09CC2152-4532-40F9-AD54-F97EEBB775D8}.Release|x86.ActiveCfg = Release|Any CPU
		{09CC2152-4532-40F9-AD54-F97EEBB775D8}.Release|x86.Build.0 = Release|Any CPU
		{7AEA7270-5343-4569-A88F-4E59902909F9}.Debug|Any CPU.ActiveCfg = Debug|Any CPU
		{7AEA7270-5343-4569-A88F-4E59902909F9}.Debug|Any CPU.Build.0 = Debug|Any CPU
		{7AEA7270-5343-4569-A88F-4E59902909F9}.Debug|x64.ActiveCfg = Debug|Any CPU
		{7AEA7270-5343-4569-A88F-4E59902909F9}.Debug|x64.Build.0 = Debug|Any CPU
		{7AEA7270-5343-4569-A88F-4E59902909F9}.Debug|x86.ActiveCfg = Debug|Any CPU
		{7AEA7270-5343-4569-A88F-4E59902909F9}.Debug|x86.Build.0 = Debug|Any CPU
		{7AEA7270-5343-4569-A88F-4E59902909F9}.Release|Any CPU.ActiveCfg = Release|Any CPU
		{7AEA7270-5343-4569-A88F-4E59902909F9}.Release|Any CPU.Build.0 = Release|Any CPU
		{7AEA7270-5343-4569-A88F-4E59902909F9}.Release|x64.ActiveCfg = Release|Any CPU
		{7AEA7270-5343-4569-A88F-4E59902909F9}.Release|x64.Build.0 = Release|Any CPU
		{7AEA7270-5343-4569-A88F-4E59902909F9}.Release|x86.ActiveCfg = Release|Any CPU
		{7AEA7270-5343-4569-A88F-4E59902909F9}.Release|x86.Build.0 = Release|Any CPU
		{73B530F9-17FA-4D4A-9934-DBC6351DA572}.Debug|Any CPU.ActiveCfg = Debug|Any CPU
		{73B530F9-17FA-4D4A-9934-DBC6351DA572}.Debug|Any CPU.Build.0 = Debug|Any CPU
		{73B530F9-17FA-4D4A-9934-DBC6351DA572}.Debug|x64.ActiveCfg = Debug|Any CPU
		{73B530F9-17FA-4D4A-9934-DBC6351DA572}.Debug|x64.Build.0 = Debug|Any CPU
		{73B530F9-17FA-4D4A-9934-DBC6351DA572}.Debug|x86.ActiveCfg = Debug|Any CPU
		{73B530F9-17FA-4D4A-9934-DBC6351DA572}.Debug|x86.Build.0 = Debug|Any CPU
		{73B530F9-17FA-4D4A-9934-DBC6351DA572}.Release|Any CPU.ActiveCfg = Release|Any CPU
		{73B530F9-17FA-4D4A-9934-DBC6351DA572}.Release|Any CPU.Build.0 = Release|Any CPU
		{73B530F9-17FA-4D4A-9934-DBC6351DA572}.Release|x64.ActiveCfg = Release|Any CPU
		{73B530F9-17FA-4D4A-9934-DBC6351DA572}.Release|x64.Build.0 = Release|Any CPU
		{73B530F9-17FA-4D4A-9934-DBC6351DA572}.Release|x86.ActiveCfg = Release|Any CPU
		{73B530F9-17FA-4D4A-9934-DBC6351DA572}.Release|x86.Build.0 = Release|Any CPU
		{E9BCB8CA-7008-4988-959D-F18B14C81B70}.Debug|Any CPU.ActiveCfg = Debug|Any CPU
		{E9BCB8CA-7008-4988-959D-F18B14C81B70}.Debug|Any CPU.Build.0 = Debug|Any CPU
		{E9BCB8CA-7008-4988-959D-F18B14C81B70}.Debug|x64.ActiveCfg = Debug|Any CPU
		{E9BCB8CA-7008-4988-959D-F18B14C81B70}.Debug|x64.Build.0 = Debug|Any CPU
		{E9BCB8CA-7008-4988-959D-F18B14C81B70}.Debug|x86.ActiveCfg = Debug|Any CPU
		{E9BCB8CA-7008-4988-959D-F18B14C81B70}.Debug|x86.Build.0 = Debug|Any CPU
		{E9BCB8CA-7008-4988-959D-F18B14C81B70}.Release|Any CPU.ActiveCfg = Release|Any CPU
		{E9BCB8CA-7008-4988-959D-F18B14C81B70}.Release|Any CPU.Build.0 = Release|Any CPU
		{E9BCB8CA-7008-4988-959D-F18B14C81B70}.Release|x64.ActiveCfg = Release|Any CPU
		{E9BCB8CA-7008-4988-959D-F18B14C81B70}.Release|x64.Build.0 = Release|Any CPU
		{E9BCB8CA-7008-4988-959D-F18B14C81B70}.Release|x86.ActiveCfg = Release|Any CPU
		{E9BCB8CA-7008-4988-959D-F18B14C81B70}.Release|x86.Build.0 = Release|Any CPU
		{10E02D8F-EC84-4785-95CC-0960C6CF5C9B}.Debug|Any CPU.ActiveCfg = Debug|Any CPU
		{10E02D8F-EC84-4785-95CC-0960C6CF5C9B}.Debug|Any CPU.Build.0 = Debug|Any CPU
		{10E02D8F-EC84-4785-95CC-0960C6CF5C9B}.Debug|x64.ActiveCfg = Debug|Any CPU
		{10E02D8F-EC84-4785-95CC-0960C6CF5C9B}.Debug|x64.Build.0 = Debug|Any CPU
		{10E02D8F-EC84-4785-95CC-0960C6CF5C9B}.Debug|x86.ActiveCfg = Debug|Any CPU
		{10E02D8F-EC84-4785-95CC-0960C6CF5C9B}.Debug|x86.Build.0 = Debug|Any CPU
		{10E02D8F-EC84-4785-95CC-0960C6CF5C9B}.Release|Any CPU.ActiveCfg = Release|Any CPU
		{10E02D8F-EC84-4785-95CC-0960C6CF5C9B}.Release|Any CPU.Build.0 = Release|Any CPU
		{10E02D8F-EC84-4785-95CC-0960C6CF5C9B}.Release|x64.ActiveCfg = Release|Any CPU
		{10E02D8F-EC84-4785-95CC-0960C6CF5C9B}.Release|x64.Build.0 = Release|Any CPU
		{10E02D8F-EC84-4785-95CC-0960C6CF5C9B}.Release|x86.ActiveCfg = Release|Any CPU
		{10E02D8F-EC84-4785-95CC-0960C6CF5C9B}.Release|x86.Build.0 = Release|Any CPU
		{E89ED654-087E-4667-A56F-86D9EA23E26D}.Debug|Any CPU.ActiveCfg = Debug|Any CPU
		{E89ED654-087E-4667-A56F-86D9EA23E26D}.Debug|Any CPU.Build.0 = Debug|Any CPU
		{E89ED654-087E-4667-A56F-86D9EA23E26D}.Debug|x64.ActiveCfg = Debug|Any CPU
		{E89ED654-087E-4667-A56F-86D9EA23E26D}.Debug|x64.Build.0 = Debug|Any CPU
		{E89ED654-087E-4667-A56F-86D9EA23E26D}.Debug|x86.ActiveCfg = Debug|Any CPU
		{E89ED654-087E-4667-A56F-86D9EA23E26D}.Debug|x86.Build.0 = Debug|Any CPU
		{E89ED654-087E-4667-A56F-86D9EA23E26D}.Release|Any CPU.ActiveCfg = Release|Any CPU
		{E89ED654-087E-4667-A56F-86D9EA23E26D}.Release|Any CPU.Build.0 = Release|Any CPU
		{E89ED654-087E-4667-A56F-86D9EA23E26D}.Release|x64.ActiveCfg = Release|Any CPU
		{E89ED654-087E-4667-A56F-86D9EA23E26D}.Release|x64.Build.0 = Release|Any CPU
		{E89ED654-087E-4667-A56F-86D9EA23E26D}.Release|x86.ActiveCfg = Release|Any CPU
		{E89ED654-087E-4667-A56F-86D9EA23E26D}.Release|x86.Build.0 = Release|Any CPU
	EndGlobalSection
	GlobalSection(SolutionProperties) = preSolution
		HideSolutionNode = FALSE
	EndGlobalSection
	GlobalSection(NestedProjects) = preSolution
		{78E00EB6-0C06-4F9C-84EB-1065414A22FF} = {B65FAC1E-DA36-42F2-95F9-8F10E5CEBA47}
		{C396A3B3-D781-49FB-845E-3BBBC1C5DB1A} = {B65FAC1E-DA36-42F2-95F9-8F10E5CEBA47}
		{E2974632-2770-4E8C-BA04-72368AC760C9} = {B65FAC1E-DA36-42F2-95F9-8F10E5CEBA47}
		{457032D7-7127-4846-B25C-881394EC26DB} = {B65FAC1E-DA36-42F2-95F9-8F10E5CEBA47}
		{0F8D1886-5CF3-49FC-8E95-C9B13EEEBE37} = {45A95389-8368-49B3-A252-53E60A655D95}
		{09CC2152-4532-40F9-AD54-F97EEBB775D8} = {45A95389-8368-49B3-A252-53E60A655D95}
		{7AEA7270-5343-4569-A88F-4E59902909F9} = {45A95389-8368-49B3-A252-53E60A655D95}
	EndGlobalSection
	GlobalSection(ExtensibilityGlobals) = postSolution
		SolutionGuid = {4E2B9EBE-83EF-4966-BB05-6025BB3AE15C}
	EndGlobalSection
EndGlobal
