
Microsoft Visual Studio Solution File, Format Version 12.00
# Visual Studio 15
VisualStudioVersion = 15.0.26020.0
MinimumVisualStudioVersion = 10.0.40219.1
Project("{2150E333-8FDC-42A3-9474-1A3956D46DE8}") = "src", "src", "{476819CB-0EDF-44AF-8A0E-0D066DCBDA4E}"
EndProject
Project("{2150E333-8FDC-42A3-9474-1A3956D46DE8}") = "Solution Items", "Solution Items", "{588F567F-2633-4020-902B-916801858A21}"
	ProjectSection(SolutionItems) = preProject
		global.json = global.json
	EndProjectSection
EndProject
Project("{9A19103F-16F7-4668-BE54-9A1E7A4F7556}") = "IdentityServer4Demo", "src\IdentityServer4Demo\IdentityServer4Demo.csproj", "{2569C962-3744-4DD2-B140-AC67D8D69A55}"
EndProject
Project("{9A19103F-16F7-4668-BE54-9A1E7A4F7556}") = "Client", "src\Client\Client.csproj", "{821B9035-B78A-473D-AC54-3175D434595D}"
EndProject
Project("{9A19103F-16F7-4668-BE54-9A1E7A4F7556}") = "MvcClient", "src\MvcClient\MvcClient.csproj", "{6669DF28-C9CA-4905-8A31-96089E7F1F85}"
EndProject
Project("{9A19103F-16F7-4668-BE54-9A1E7A4F7556}") = "Api", "src\Api\Api.csproj", "{B884BD25-78C1-4003-B0F4-05233D36C59D}"
EndProject
Global
	GlobalSection(SolutionConfigurationPlatforms) = preSolution
		Debug|Any CPU = Debug|Any CPU
		Release|Any CPU = Release|Any CPU
	EndGlobalSection
	GlobalSection(ProjectConfigurationPlatforms) = postSolution
		{2569C962-3744-4DD2-B140-AC67D8D69A55}.Debug|Any CPU.ActiveCfg = Debug|Any CPU
		{2569C962-3744-4DD2-B140-AC67D8D69A55}.Debug|Any CPU.Build.0 = Debug|Any CPU
		{2569C962-3744-4DD2-B140-AC67D8D69A55}.Release|Any CPU.ActiveCfg = Release|Any CPU
		{2569C962-3744-4DD2-B140-AC67D8D69A55}.Release|Any CPU.Build.0 = Release|Any CPU
		{821B9035-B78A-473D-AC54-3175D434595D}.Debug|Any CPU.ActiveCfg = Debug|Any CPU
		{821B9035-B78A-473D-AC54-3175D434595D}.Debug|Any CPU.Build.0 = Debug|Any CPU
		{821B9035-B78A-473D-AC54-3175D434595D}.Release|Any CPU.ActiveCfg = Release|Any CPU
		{821B9035-B78A-473D-AC54-3175D434595D}.Release|Any CPU.Build.0 = Release|Any CPU
		{6669DF28-C9CA-4905-8A31-96089E7F1F85}.Debug|Any CPU.ActiveCfg = Debug|Any CPU
		{6669DF28-C9CA-4905-8A31-96089E7F1F85}.Debug|Any CPU.Build.0 = Debug|Any CPU
		{6669DF28-C9CA-4905-8A31-96089E7F1F85}.Release|Any CPU.ActiveCfg = Release|Any CPU
		{6669DF28-C9CA-4905-8A31-96089E7F1F85}.Release|Any CPU.Build.0 = Release|Any CPU
		{B884BD25-78C1-4003-B0F4-05233D36C59D}.Debug|Any CPU.ActiveCfg = Debug|Any CPU
		{B884BD25-78C1-4003-B0F4-05233D36C59D}.Debug|Any CPU.Build.0 = Debug|Any CPU
		{B884BD25-78C1-4003-B0F4-05233D36C59D}.Release|Any CPU.ActiveCfg = Release|Any CPU
		{B884BD25-78C1-4003-B0F4-05233D36C59D}.Release|Any CPU.Build.0 = Release|Any CPU
	EndGlobalSection
	GlobalSection(SolutionProperties) = preSolution
		HideSolutionNode = FALSE
	EndGlobalSection
	GlobalSection(NestedProjects) = preSolution
		{2569C962-3744-4DD2-B140-AC67D8D69A55} = {476819CB-0EDF-44AF-8A0E-0D066DCBDA4E}
		{821B9035-B78A-473D-AC54-3175D434595D} = {476819CB-0EDF-44AF-8A0E-0D066DCBDA4E}
		{6669DF28-C9CA-4905-8A31-96089E7F1F85} = {476819CB-0EDF-44AF-8A0E-0D066DCBDA4E}
		{B884BD25-78C1-4003-B0F4-05233D36C59D} = {476819CB-0EDF-44AF-8A0E-0D066DCBDA4E}
	EndGlobalSection
EndGlobal
